
Microsoft Visual Studio Solution File, Format Version 12.00
# Visual Studio 15
VisualStudioVersion = 15.0.27703.2047
MinimumVisualStudioVersion = 10.0.40219.1
Project("{FAE04EC0-301F-11D3-BF4B-00C04F79EFBC}") = "тз", "тз\тз.csproj", "{593C4BB1-F2FF-49AA-B24B-A212673A9FE3}"
EndProject
Global
	GlobalSection(SolutionConfigurationPlatforms) = preSolution
		Debug|Any CPU = Debug|Any CPU
		Release|Any CPU = Release|Any CPU
	EndGlobalSection
	GlobalSection(ProjectConfigurationPlatforms) = postSolution
		{593C4BB1-F2FF-49AA-B24B-A212673A9FE3}.Debug|Any CPU.ActiveCfg = Debug|Any CPU
		{593C4BB1-F2FF-49AA-B24B-A212673A9FE3}.Debug|Any CPU.Build.0 = Debug|Any CPU
		{593C4BB1-F2FF-49AA-B24B-A212673A9FE3}.Release|Any CPU.ActiveCfg = Release|Any CPU
		{593C4BB1-F2FF-49AA-B24B-A212673A9FE3}.Release|Any CPU.Build.0 = Release|Any CPU
	EndGlobalSection
	GlobalSection(SolutionProperties) = preSolution
		HideSolutionNode = FALSE
	EndGlobalSection
	GlobalSection(ExtensibilityGlobals) = postSolution
		SolutionGuid = {212D09BA-4172-475C-B58B-8A80DB8E0429}
	EndGlobalSection
EndGlobal
